// !$*UTF8*$!
{
	archiveVersion = 1;
	classes = {
	};
	objectVersion = 46;
	objects = {

/* Begin PBXBuildFile section */
		6B71C43F4FB54BCCA33B72C5 /* libPods.a in Frameworks */ = {isa = PBXBuildFile; fileRef = 77F8721D29574767BE45EA8D /* libPods.a */; };
		A912A63B19C9772D00F8F471 /* JHForumAPI.m in Sources */ = {isa = PBXBuildFile; fileRef = A912A63A19C9772D00F8F471 /* JHForumAPI.m */; };
		A912A63E19C97AF400F8F471 /* JHUser.m in Sources */ = {isa = PBXBuildFile; fileRef = A912A63D19C97AF400F8F471 /* JHUser.m */; };
		A948296319C816DF00C51243 /* JHHTMLParse.m in Sources */ = {isa = PBXBuildFile; fileRef = A948296219C816DF00C51243 /* JHHTMLParse.m */; };
		A948296619C81A8C00C51243 /* JHNewPosts.m in Sources */ = {isa = PBXBuildFile; fileRef = A948296519C81A8C00C51243 /* JHNewPosts.m */; };
		A9482A8619CBCF7500453DD5 /* JHForumListCell.m in Sources */ = {isa = PBXBuildFile; fileRef = A9482A8519CBCF7500453DD5 /* JHForumListCell.m */; };
		A9BCA1FD19CC16230025EA2D /* JHBoardItem.m in Sources */ = {isa = PBXBuildFile; fileRef = A9BCA1FC19CC16230025EA2D /* JHBoardItem.m */; };
		A9BCA20119CC25FF0025EA2D /* JHTopicsViewController.m in Sources */ = {isa = PBXBuildFile; fileRef = A9BCA20019CC25FF0025EA2D /* JHTopicsViewController.m */; };
		A9BCA20419CC26210025EA2D /* JHTopicsCell.m in Sources */ = {isa = PBXBuildFile; fileRef = A9BCA20319CC26210025EA2D /* JHTopicsCell.m */; };
		A9BCA20819CC2ADB0025EA2D /* DataModel.m in Sources */ = {isa = PBXBuildFile; fileRef = A9BCA20719CC2ADB0025EA2D /* DataModel.m */; };
		A9CE8AD319C5176B00B3117A /* JHRegisterViewController.m in Sources */ = {isa = PBXBuildFile; fileRef = A9CE8AD219C5176B00B3117A /* JHRegisterViewController.m */; };
		A9CE8AD719C5211600B3117A /* JHMasterViewController.m in Sources */ = {isa = PBXBuildFile; fileRef = A9CE8AD619C5211600B3117A /* JHMasterViewController.m */; };
		A9CE8ADC19C5243900B3117A /* JHLeftViewController.m in Sources */ = {isa = PBXBuildFile; fileRef = A9CE8ADB19C5243900B3117A /* JHLeftViewController.m */; };
		A9CE8ADF19C5244D00B3117A /* JHRightViewController.m in Sources */ = {isa = PBXBuildFile; fileRef = A9CE8ADE19C5244D00B3117A /* JHRightViewController.m */; };
		A9CE8AE319C524ED00B3117A /* JHCenterViewController.m in Sources */ = {isa = PBXBuildFile; fileRef = A9CE8AE219C524ED00B3117A /* JHCenterViewController.m */; };
		A9DA88C519C99F8C00FEB6B2 /* JHUserDefaults.m in Sources */ = {isa = PBXBuildFile; fileRef = A9DA88C419C99F8C00FEB6B2 /* JHUserDefaults.m */; };
		A9DA88CC19C9BAF800FEB6B2 /* SVProgressHUD.bundle in Resources */ = {isa = PBXBuildFile; fileRef = A9DA88C919C9BAF800FEB6B2 /* SVProgressHUD.bundle */; };
		A9DA88CD19C9BAF800FEB6B2 /* SVProgressHUD.m in Sources */ = {isa = PBXBuildFile; fileRef = A9DA88CB19C9BAF800FEB6B2 /* SVProgressHUD.m */; };
		A9F2B20C19ADC1E90067B6A4 /* Foundation.framework in Frameworks */ = {isa = PBXBuildFile; fileRef = A9F2B20B19ADC1E90067B6A4 /* Foundation.framework */; };
		A9F2B20E19ADC1E90067B6A4 /* CoreGraphics.framework in Frameworks */ = {isa = PBXBuildFile; fileRef = A9F2B20D19ADC1E90067B6A4 /* CoreGraphics.framework */; };
		A9F2B21019ADC1E90067B6A4 /* UIKit.framework in Frameworks */ = {isa = PBXBuildFile; fileRef = A9F2B20F19ADC1E90067B6A4 /* UIKit.framework */; };
		A9F2B21619ADC1E90067B6A4 /* InfoPlist.strings in Resources */ = {isa = PBXBuildFile; fileRef = A9F2B21419ADC1E90067B6A4 /* InfoPlist.strings */; };
		A9F2B21819ADC1E90067B6A4 /* main.m in Sources */ = {isa = PBXBuildFile; fileRef = A9F2B21719ADC1E90067B6A4 /* main.m */; };
		A9F2B21C19ADC1E90067B6A4 /* JHAppDelegate.m in Sources */ = {isa = PBXBuildFile; fileRef = A9F2B21B19ADC1E90067B6A4 /* JHAppDelegate.m */; };
		A9F2B21F19ADC1E90067B6A4 /* Main.storyboard in Resources */ = {isa = PBXBuildFile; fileRef = A9F2B21D19ADC1E90067B6A4 /* Main.storyboard */; };
		A9F2B22419ADC1E90067B6A4 /* Images.xcassets in Resources */ = {isa = PBXBuildFile; fileRef = A9F2B22319ADC1E90067B6A4 /* Images.xcassets */; };
		A9F2B22B19ADC1E90067B6A4 /* XCTest.framework in Frameworks */ = {isa = PBXBuildFile; fileRef = A9F2B22A19ADC1E90067B6A4 /* XCTest.framework */; };
		A9F2B22C19ADC1E90067B6A4 /* Foundation.framework in Frameworks */ = {isa = PBXBuildFile; fileRef = A9F2B20B19ADC1E90067B6A4 /* Foundation.framework */; };
		A9F2B22D19ADC1E90067B6A4 /* UIKit.framework in Frameworks */ = {isa = PBXBuildFile; fileRef = A9F2B20F19ADC1E90067B6A4 /* UIKit.framework */; };
		A9F2B23519ADC1E90067B6A4 /* InfoPlist.strings in Resources */ = {isa = PBXBuildFile; fileRef = A9F2B23319ADC1E90067B6A4 /* InfoPlist.strings */; };
		A9F2B23719ADC1E90067B6A4 /* ____Tests.m in Sources */ = {isa = PBXBuildFile; fileRef = A9F2B23619ADC1E90067B6A4 /* ____Tests.m */; };
		A9F2B24419ADC2300067B6A4 /* JHLoginViewController.m in Sources */ = {isa = PBXBuildFile; fileRef = A9F2B24319ADC2300067B6A4 /* JHLoginViewController.m */; };
/* End PBXBuildFile section */

/* Begin PBXContainerItemProxy section */
		A9F2B22E19ADC1E90067B6A4 /* PBXContainerItemProxy */ = {
			isa = PBXContainerItemProxy;
			containerPortal = A9F2B20019ADC1E90067B6A4 /* Project object */;
			proxyType = 1;
			remoteGlobalIDString = A9F2B20719ADC1E90067B6A4;
			remoteInfo = "精弘论坛";
		};
/* End PBXContainerItemProxy section */

/* Begin PBXFileReference section */
		77F8721D29574767BE45EA8D /* libPods.a */ = {isa = PBXFileReference; explicitFileType = archive.ar; includeInIndex = 0; path = libPods.a; sourceTree = BUILT_PRODUCTS_DIR; };
		8B9DE607510E42E5B41B6DF1 /* Pods.xcconfig */ = {isa = PBXFileReference; includeInIndex = 1; lastKnownFileType = text.xcconfig; name = Pods.xcconfig; path = Pods/Pods.xcconfig; sourceTree = "<group>"; };
		A912A63919C9772D00F8F471 /* JHForumAPI.h */ = {isa = PBXFileReference; fileEncoding = 4; lastKnownFileType = sourcecode.c.h; name = JHForumAPI.h; path = Modal/JHForumAPI.h; sourceTree = "<group>"; };
		A912A63A19C9772D00F8F471 /* JHForumAPI.m */ = {isa = PBXFileReference; fileEncoding = 4; lastKnownFileType = sourcecode.c.objc; name = JHForumAPI.m; path = Modal/JHForumAPI.m; sourceTree = "<group>"; };
		A912A63C19C97AF400F8F471 /* JHUser.h */ = {isa = PBXFileReference; fileEncoding = 4; lastKnownFileType = sourcecode.c.h; name = JHUser.h; path = Modal/JHUser.h; sourceTree = "<group>"; };
		A912A63D19C97AF400F8F471 /* JHUser.m */ = {isa = PBXFileReference; fileEncoding = 4; lastKnownFileType = sourcecode.c.objc; name = JHUser.m; path = Modal/JHUser.m; sourceTree = "<group>"; };
		A948296119C816DF00C51243 /* JHHTMLParse.h */ = {isa = PBXFileReference; fileEncoding = 4; lastKnownFileType = sourcecode.c.h; name = JHHTMLParse.h; path = Modal/JHHTMLParse.h; sourceTree = "<group>"; };
		A948296219C816DF00C51243 /* JHHTMLParse.m */ = {isa = PBXFileReference; fileEncoding = 4; lastKnownFileType = sourcecode.c.objc; name = JHHTMLParse.m; path = Modal/JHHTMLParse.m; sourceTree = "<group>"; };
		A948296419C81A8C00C51243 /* JHNewPosts.h */ = {isa = PBXFileReference; fileEncoding = 4; lastKnownFileType = sourcecode.c.h; name = JHNewPosts.h; path = Modal/JHNewPosts.h; sourceTree = "<group>"; };
		A948296519C81A8C00C51243 /* JHNewPosts.m */ = {isa = PBXFileReference; fileEncoding = 4; lastKnownFileType = sourcecode.c.objc; name = JHNewPosts.m; path = Modal/JHNewPosts.m; sourceTree = "<group>"; };
		A9482A8419CBCF7500453DD5 /* JHForumListCell.h */ = {isa = PBXFileReference; fileEncoding = 4; lastKnownFileType = sourcecode.c.h; name = JHForumListCell.h; path = Controller/LeftView/JHForumListCell.h; sourceTree = "<group>"; };
		A9482A8519CBCF7500453DD5 /* JHForumListCell.m */ = {isa = PBXFileReference; fileEncoding = 4; lastKnownFileType = sourcecode.c.objc; name = JHForumListCell.m; path = Controller/LeftView/JHForumListCell.m; sourceTree = "<group>"; };
		A94C1DD719BBF79500CC08B8 /* ForumAPI.h */ = {isa = PBXFileReference; lastKnownFileType = sourcecode.c.h; name = ForumAPI.h; path = Storeage/ForumAPI.h; sourceTree = "<group>"; };
		A9BCA1FB19CC16230025EA2D /* JHBoardItem.h */ = {isa = PBXFileReference; fileEncoding = 4; lastKnownFileType = sourcecode.c.h; name = JHBoardItem.h; path = Modal/JHBoardItem.h; sourceTree = "<group>"; };
		A9BCA1FC19CC16230025EA2D /* JHBoardItem.m */ = {isa = PBXFileReference; fileEncoding = 4; lastKnownFileType = sourcecode.c.objc; name = JHBoardItem.m; path = Modal/JHBoardItem.m; sourceTree = "<group>"; };
		A9BCA1FF19CC25FF0025EA2D /* JHTopicsViewController.h */ = {isa = PBXFileReference; fileEncoding = 4; lastKnownFileType = sourcecode.c.h; name = JHTopicsViewController.h; path = Controller/CenterView/topics/JHTopicsViewController.h; sourceTree = "<group>"; };
		A9BCA20019CC25FF0025EA2D /* JHTopicsViewController.m */ = {isa = PBXFileReference; fileEncoding = 4; lastKnownFileType = sourcecode.c.objc; name = JHTopicsViewController.m; path = Controller/CenterView/topics/JHTopicsViewController.m; sourceTree = "<group>"; };
		A9BCA20219CC26210025EA2D /* JHTopicsCell.h */ = {isa = PBXFileReference; fileEncoding = 4; lastKnownFileType = sourcecode.c.h; name = JHTopicsCell.h; path = Controller/CenterView/topics/JHTopicsCell.h; sourceTree = "<group>"; };
		A9BCA20319CC26210025EA2D /* JHTopicsCell.m */ = {isa = PBXFileReference; fileEncoding = 4; lastKnownFileType = sourcecode.c.objc; name = JHTopicsCell.m; path = Controller/CenterView/topics/JHTopicsCell.m; sourceTree = "<group>"; };
		A9BCA20619CC2ADB0025EA2D /* DataModel.h */ = {isa = PBXFileReference; fileEncoding = 4; lastKnownFileType = sourcecode.c.h; name = DataModel.h; path = Modal/DataModel.h; sourceTree = "<group>"; };
		A9BCA20719CC2ADB0025EA2D /* DataModel.m */ = {isa = PBXFileReference; fileEncoding = 4; lastKnownFileType = sourcecode.c.objc; name = DataModel.m; path = Modal/DataModel.m; sourceTree = "<group>"; };
		A9CE8AD119C5176B00B3117A /* JHRegisterViewController.h */ = {isa = PBXFileReference; fileEncoding = 4; lastKnownFileType = sourcecode.c.h; name = JHRegisterViewController.h; path = Controller/JHRegisterViewController.h; sourceTree = "<group>"; };
		A9CE8AD219C5176B00B3117A /* JHRegisterViewController.m */ = {isa = PBXFileReference; fileEncoding = 4; lastKnownFileType = sourcecode.c.objc; name = JHRegisterViewController.m; path = Controller/JHRegisterViewController.m; sourceTree = "<group>"; };
		A9CE8AD519C5211600B3117A /* JHMasterViewController.h */ = {isa = PBXFileReference; fileEncoding = 4; lastKnownFileType = sourcecode.c.h; name = JHMasterViewController.h; path = Controller/JHMasterViewController.h; sourceTree = "<group>"; };
		A9CE8AD619C5211600B3117A /* JHMasterViewController.m */ = {isa = PBXFileReference; fileEncoding = 4; lastKnownFileType = sourcecode.c.objc; name = JHMasterViewController.m; path = Controller/JHMasterViewController.m; sourceTree = "<group>"; };
		A9CE8ADA19C5243900B3117A /* JHLeftViewController.h */ = {isa = PBXFileReference; fileEncoding = 4; lastKnownFileType = sourcecode.c.h; name = JHLeftViewController.h; path = Controller/LeftView/JHLeftViewController.h; sourceTree = "<group>"; };
		A9CE8ADB19C5243900B3117A /* JHLeftViewController.m */ = {isa = PBXFileReference; fileEncoding = 4; lastKnownFileType = sourcecode.c.objc; name = JHLeftViewController.m; path = Controller/LeftView/JHLeftViewController.m; sourceTree = "<group>"; };
		A9CE8ADD19C5244D00B3117A /* JHRightViewController.h */ = {isa = PBXFileReference; fileEncoding = 4; lastKnownFileType = sourcecode.c.h; name = JHRightViewController.h; path = Controller/RightView/JHRightViewController.h; sourceTree = "<group>"; };
		A9CE8ADE19C5244D00B3117A /* JHRightViewController.m */ = {isa = PBXFileReference; fileEncoding = 4; lastKnownFileType = sourcecode.c.objc; name = JHRightViewController.m; path = Controller/RightView/JHRightViewController.m; sourceTree = "<group>"; };
		A9CE8AE119C524ED00B3117A /* JHCenterViewController.h */ = {isa = PBXFileReference; fileEncoding = 4; lastKnownFileType = sourcecode.c.h; name = JHCenterViewController.h; path = Controller/CenterView/JHCenterViewController.h; sourceTree = "<group>"; };
		A9CE8AE219C524ED00B3117A /* JHCenterViewController.m */ = {isa = PBXFileReference; fileEncoding = 4; lastKnownFileType = sourcecode.c.objc; name = JHCenterViewController.m; path = Controller/CenterView/JHCenterViewController.m; sourceTree = "<group>"; };
		A9DA88C319C99F8C00FEB6B2 /* JHUserDefaults.h */ = {isa = PBXFileReference; fileEncoding = 4; lastKnownFileType = sourcecode.c.h; name = JHUserDefaults.h; path = Modal/JHUserDefaults.h; sourceTree = "<group>"; };
		A9DA88C419C99F8C00FEB6B2 /* JHUserDefaults.m */ = {isa = PBXFileReference; fileEncoding = 4; lastKnownFileType = sourcecode.c.objc; name = JHUserDefaults.m; path = Modal/JHUserDefaults.m; sourceTree = "<group>"; };
		A9DA88C819C9BAF800FEB6B2 /* SVProgressHUD-Prefix.pch */ = {isa = PBXFileReference; fileEncoding = 4; lastKnownFileType = sourcecode.c.h; path = "SVProgressHUD-Prefix.pch"; sourceTree = "<group>"; };
		A9DA88C919C9BAF800FEB6B2 /* SVProgressHUD.bundle */ = {isa = PBXFileReference; lastKnownFileType = "wrapper.plug-in"; path = SVProgressHUD.bundle; sourceTree = "<group>"; };
		A9DA88CA19C9BAF800FEB6B2 /* SVProgressHUD.h */ = {isa = PBXFileReference; fileEncoding = 4; lastKnownFileType = sourcecode.c.h; path = SVProgressHUD.h; sourceTree = "<group>"; };
		A9DA88CB19C9BAF800FEB6B2 /* SVProgressHUD.m */ = {isa = PBXFileReference; fileEncoding = 4; lastKnownFileType = sourcecode.c.objc; path = SVProgressHUD.m; sourceTree = "<group>"; };
		A9F2B20819ADC1E90067B6A4 /* 精弘论坛.app */ = {isa = PBXFileReference; explicitFileType = wrapper.application; includeInIndex = 0; path = "精弘论坛.app"; sourceTree = BUILT_PRODUCTS_DIR; };
		A9F2B20B19ADC1E90067B6A4 /* Foundation.framework */ = {isa = PBXFileReference; lastKnownFileType = wrapper.framework; name = Foundation.framework; path = System/Library/Frameworks/Foundation.framework; sourceTree = SDKROOT; };
		A9F2B20D19ADC1E90067B6A4 /* CoreGraphics.framework */ = {isa = PBXFileReference; lastKnownFileType = wrapper.framework; name = CoreGraphics.framework; path = System/Library/Frameworks/CoreGraphics.framework; sourceTree = SDKROOT; };
		A9F2B20F19ADC1E90067B6A4 /* UIKit.framework */ = {isa = PBXFileReference; lastKnownFileType = wrapper.framework; name = UIKit.framework; path = System/Library/Frameworks/UIKit.framework; sourceTree = SDKROOT; };
		A9F2B21319ADC1E90067B6A4 /* 精弘论坛-Info.plist */ = {isa = PBXFileReference; lastKnownFileType = text.plist.xml; path = "精弘论坛-Info.plist"; sourceTree = "<group>"; };
		A9F2B21519ADC1E90067B6A4 /* en */ = {isa = PBXFileReference; lastKnownFileType = text.plist.strings; name = en; path = en.lproj/InfoPlist.strings; sourceTree = "<group>"; };
		A9F2B21719ADC1E90067B6A4 /* main.m */ = {isa = PBXFileReference; lastKnownFileType = sourcecode.c.objc; path = main.m; sourceTree = "<group>"; };
		A9F2B21919ADC1E90067B6A4 /* 精弘论坛-Prefix.pch */ = {isa = PBXFileReference; lastKnownFileType = sourcecode.c.h; path = "精弘论坛-Prefix.pch"; sourceTree = "<group>"; };
		A9F2B21A19ADC1E90067B6A4 /* JHAppDelegate.h */ = {isa = PBXFileReference; lastKnownFileType = sourcecode.c.h; path = JHAppDelegate.h; sourceTree = "<group>"; };
		A9F2B21B19ADC1E90067B6A4 /* JHAppDelegate.m */ = {isa = PBXFileReference; lastKnownFileType = sourcecode.c.objc; path = JHAppDelegate.m; sourceTree = "<group>"; };
		A9F2B21E19ADC1E90067B6A4 /* Base */ = {isa = PBXFileReference; lastKnownFileType = file.storyboard; name = Base; path = Base.lproj/Main.storyboard; sourceTree = "<group>"; };
		A9F2B22319ADC1E90067B6A4 /* Images.xcassets */ = {isa = PBXFileReference; lastKnownFileType = folder.assetcatalog; path = Images.xcassets; sourceTree = "<group>"; };
		A9F2B22919ADC1E90067B6A4 /* 精弘论坛Tests.xctest */ = {isa = PBXFileReference; explicitFileType = wrapper.cfbundle; includeInIndex = 0; path = "精弘论坛Tests.xctest"; sourceTree = BUILT_PRODUCTS_DIR; };
		A9F2B22A19ADC1E90067B6A4 /* XCTest.framework */ = {isa = PBXFileReference; lastKnownFileType = wrapper.framework; name = XCTest.framework; path = Library/Frameworks/XCTest.framework; sourceTree = DEVELOPER_DIR; };
		A9F2B23219ADC1E90067B6A4 /* 精弘论坛Tests-Info.plist */ = {isa = PBXFileReference; lastKnownFileType = text.plist.xml; path = "精弘论坛Tests-Info.plist"; sourceTree = "<group>"; };
		A9F2B23419ADC1E90067B6A4 /* en */ = {isa = PBXFileReference; lastKnownFileType = text.plist.strings; name = en; path = en.lproj/InfoPlist.strings; sourceTree = "<group>"; };
		A9F2B23619ADC1E90067B6A4 /* ____Tests.m */ = {isa = PBXFileReference; lastKnownFileType = sourcecode.c.objc; path = "____Tests.m"; sourceTree = "<group>"; };
		A9F2B24219ADC2300067B6A4 /* JHLoginViewController.h */ = {isa = PBXFileReference; fileEncoding = 4; lastKnownFileType = sourcecode.c.h; name = JHLoginViewController.h; path = Controller/JHLoginViewController.h; sourceTree = "<group>"; };
		A9F2B24319ADC2300067B6A4 /* JHLoginViewController.m */ = {isa = PBXFileReference; fileEncoding = 4; lastKnownFileType = sourcecode.c.objc; name = JHLoginViewController.m; path = Controller/JHLoginViewController.m; sourceTree = "<group>"; };
/* End PBXFileReference section */

/* Begin PBXFrameworksBuildPhase section */
		A9F2B20519ADC1E90067B6A4 /* Frameworks */ = {
			isa = PBXFrameworksBuildPhase;
			buildActionMask = 2147483647;
			files = (
				A9F2B20E19ADC1E90067B6A4 /* CoreGraphics.framework in Frameworks */,
				A9F2B21019ADC1E90067B6A4 /* UIKit.framework in Frameworks */,
				A9F2B20C19ADC1E90067B6A4 /* Foundation.framework in Frameworks */,
				6B71C43F4FB54BCCA33B72C5 /* libPods.a in Frameworks */,
			);
			runOnlyForDeploymentPostprocessing = 0;
		};
		A9F2B22619ADC1E90067B6A4 /* Frameworks */ = {
			isa = PBXFrameworksBuildPhase;
			buildActionMask = 2147483647;
			files = (
				A9F2B22B19ADC1E90067B6A4 /* XCTest.framework in Frameworks */,
				A9F2B22D19ADC1E90067B6A4 /* UIKit.framework in Frameworks */,
				A9F2B22C19ADC1E90067B6A4 /* Foundation.framework in Frameworks */,
			);
			runOnlyForDeploymentPostprocessing = 0;
		};
/* End PBXFrameworksBuildPhase section */

/* Begin PBXGroup section */
		A912A63819C9743100F8F471 /* unused */ = {
			isa = PBXGroup;
			children = (
				A948296119C816DF00C51243 /* JHHTMLParse.h */,
				A948296219C816DF00C51243 /* JHHTMLParse.m */,
				A948296419C81A8C00C51243 /* JHNewPosts.h */,
				A948296519C81A8C00C51243 /* JHNewPosts.m */,
			);
			name = unused;
			sourceTree = "<group>";
		};
		A94C1DD819BBF7BA00CC08B8 /* Storage */ = {
			isa = PBXGroup;
			children = (
			);
			name = Storage;
			sourceTree = "<group>";
		};
		A9BCA1FE19CC25BB0025EA2D /* Topics */ = {
			isa = PBXGroup;
			children = (
				A9BCA1FF19CC25FF0025EA2D /* JHTopicsViewController.h */,
				A9BCA20019CC25FF0025EA2D /* JHTopicsViewController.m */,
				A9BCA20219CC26210025EA2D /* JHTopicsCell.h */,
				A9BCA20319CC26210025EA2D /* JHTopicsCell.m */,
			);
			name = Topics;
			sourceTree = "<group>";
		};
		A9CE8AD419C520B200B3117A /* MasterVC */ = {
			isa = PBXGroup;
			children = (
				A9CE8AE019C524B800B3117A /* Center VIew */,
				A9CE8AD919C523F700B3117A /* Left View */,
				A9CE8AD819C523F400B3117A /* Right View */,
			);
			name = MasterVC;
			sourceTree = "<group>";
		};
		A9CE8AD819C523F400B3117A /* Right View */ = {
			isa = PBXGroup;
			children = (
				A9CE8ADD19C5244D00B3117A /* JHRightViewController.h */,
				A9CE8ADE19C5244D00B3117A /* JHRightViewController.m */,
			);
			name = "Right View";
			sourceTree = "<group>";
		};
		A9CE8AD919C523F700B3117A /* Left View */ = {
			isa = PBXGroup;
			children = (
				A9CE8ADA19C5243900B3117A /* JHLeftViewController.h */,
				A9CE8ADB19C5243900B3117A /* JHLeftViewController.m */,
			);
			name = "Left View";
			sourceTree = "<group>";
		};
		A9CE8AE019C524B800B3117A /* Center VIew */ = {
			isa = PBXGroup;
			children = (
				A9CE8AE119C524ED00B3117A /* JHCenterViewController.h */,
				A9CE8AE219C524ED00B3117A /* JHCenterViewController.m */,
				A9482A8419CBCF7500453DD5 /* JHForumListCell.h */,
				A9482A8519CBCF7500453DD5 /* JHForumListCell.m */,
				A9BCA1FE19CC25BB0025EA2D /* Topics */,
			);
			name = "Center VIew";
			sourceTree = "<group>";
		};
		A9DA88C619C9BAE900FEB6B2 /* 其他框架 */ = {
			isa = PBXGroup;
			children = (
				A9DA88C719C9BAF800FEB6B2 /* SVProgressHUD */,
			);
			name = "其他框架";
			sourceTree = "<group>";
		};
		A9DA88C719C9BAF800FEB6B2 /* SVProgressHUD */ = {
			isa = PBXGroup;
			children = (
				A9DA88C819C9BAF800FEB6B2 /* SVProgressHUD-Prefix.pch */,
				A9DA88C919C9BAF800FEB6B2 /* SVProgressHUD.bundle */,
				A9DA88CA19C9BAF800FEB6B2 /* SVProgressHUD.h */,
				A9DA88CB19C9BAF800FEB6B2 /* SVProgressHUD.m */,
			);
			path = SVProgressHUD;
			sourceTree = "<group>";
		};
		A9F2B1FF19ADC1E90067B6A4 = {
			isa = PBXGroup;
			children = (
				A9F2B21119ADC1E90067B6A4 /* 精弘论坛 */,
				A9F2B23019ADC1E90067B6A4 /* 精弘论坛Tests */,
				A9F2B20A19ADC1E90067B6A4 /* Frameworks */,
				A9DA88C619C9BAE900FEB6B2 /* 其他框架 */,
				A9F2B20919ADC1E90067B6A4 /* Products */,
				8B9DE607510E42E5B41B6DF1 /* Pods.xcconfig */,
			);
			sourceTree = "<group>";
		};
		A9F2B20919ADC1E90067B6A4 /* Products */ = {
			isa = PBXGroup;
			children = (
				A9F2B20819ADC1E90067B6A4 /* 精弘论坛.app */,
				A9F2B22919ADC1E90067B6A4 /* 精弘论坛Tests.xctest */,
			);
			name = Products;
			sourceTree = "<group>";
		};
		A9F2B20A19ADC1E90067B6A4 /* Frameworks */ = {
			isa = PBXGroup;
			children = (
				A9F2B20B19ADC1E90067B6A4 /* Foundation.framework */,
				A9F2B20D19ADC1E90067B6A4 /* CoreGraphics.framework */,
				A9F2B20F19ADC1E90067B6A4 /* UIKit.framework */,
				A9F2B22A19ADC1E90067B6A4 /* XCTest.framework */,
				77F8721D29574767BE45EA8D /* libPods.a */,
			);
			name = Frameworks;
			sourceTree = "<group>";
		};
		A9F2B21119ADC1E90067B6A4 /* 精弘论坛 */ = {
			isa = PBXGroup;
			children = (
				A912A63819C9743100F8F471 /* unused */,
				A9F2B21D19ADC1E90067B6A4 /* Main.storyboard */,
				A9F2B21A19ADC1E90067B6A4 /* JHAppDelegate.h */,
				A9F2B21B19ADC1E90067B6A4 /* JHAppDelegate.m */,
				A9CE8AD519C5211600B3117A /* JHMasterViewController.h */,
				A9CE8AD619C5211600B3117A /* JHMasterViewController.m */,
				A9F2B24019ADC20A0067B6A4 /* Model */,
				A9F2B24119ADC2130067B6A4 /* Controller */,
				A94C1DD819BBF7BA00CC08B8 /* Storage */,
				A9F2B22319ADC1E90067B6A4 /* Images.xcassets */,
				A9F2B21219ADC1E90067B6A4 /* Supporting Files */,
			);
			path = "精弘论坛";
			sourceTree = "<group>";
		};
		A9F2B21219ADC1E90067B6A4 /* Supporting Files */ = {
			isa = PBXGroup;
			children = (
				A9F2B21319ADC1E90067B6A4 /* 精弘论坛-Info.plist */,
				A9F2B21419ADC1E90067B6A4 /* InfoPlist.strings */,
				A9F2B21719ADC1E90067B6A4 /* main.m */,
				A9F2B21919ADC1E90067B6A4 /* 精弘论坛-Prefix.pch */,
			);
			name = "Supporting Files";
			sourceTree = "<group>";
		};
		A9F2B23019ADC1E90067B6A4 /* 精弘论坛Tests */ = {
			isa = PBXGroup;
			children = (
				A9F2B23619ADC1E90067B6A4 /* ____Tests.m */,
				A9F2B23119ADC1E90067B6A4 /* Supporting Files */,
			);
			path = "精弘论坛Tests";
			sourceTree = "<group>";
		};
		A9F2B23119ADC1E90067B6A4 /* Supporting Files */ = {
			isa = PBXGroup;
			children = (
				A9F2B23219ADC1E90067B6A4 /* 精弘论坛Tests-Info.plist */,
				A9F2B23319ADC1E90067B6A4 /* InfoPlist.strings */,
			);
			name = "Supporting Files";
			sourceTree = "<group>";
		};
		A9F2B24019ADC20A0067B6A4 /* Model */ = {
			isa = PBXGroup;
			children = (
				A94C1DD719BBF79500CC08B8 /* ForumAPI.h */,
				A9BCA20619CC2ADB0025EA2D /* DataModel.h */,
				A9BCA20719CC2ADB0025EA2D /* DataModel.m */,
				A912A63C19C97AF400F8F471 /* JHUser.h */,
				A912A63D19C97AF400F8F471 /* JHUser.m */,
				A912A63919C9772D00F8F471 /* JHForumAPI.h */,
				A912A63A19C9772D00F8F471 /* JHForumAPI.m */,
				A9DA88C319C99F8C00FEB6B2 /* JHUserDefaults.h */,
				A9DA88C419C99F8C00FEB6B2 /* JHUserDefaults.m */,
				A9BCA1FB19CC16230025EA2D /* JHBoardItem.h */,
				A9BCA1FC19CC16230025EA2D /* JHBoardItem.m */,
			);
			name = Model;
			sourceTree = "<group>";
		};
		A9F2B24119ADC2130067B6A4 /* Controller */ = {
			isa = PBXGroup;
			children = (
				A9F2B24219ADC2300067B6A4 /* JHLoginViewController.h */,
				A9F2B24319ADC2300067B6A4 /* JHLoginViewController.m */,
				A9CE8AD119C5176B00B3117A /* JHRegisterViewController.h */,
				A9CE8AD219C5176B00B3117A /* JHRegisterViewController.m */,
				A9CE8AD419C520B200B3117A /* MasterVC */,
			);
			name = Controller;
			sourceTree = "<group>";
		};
/* End PBXGroup section */

/* Begin PBXNativeTarget section */
		A9F2B20719ADC1E90067B6A4 /* 精弘论坛 */ = {
			isa = PBXNativeTarget;
			buildConfigurationList = A9F2B23A19ADC1E90067B6A4 /* Build configuration list for PBXNativeTarget "精弘论坛" */;
			buildPhases = (
				8804F2AF058E4E74B313CCB7 /* Check Pods Manifest.lock */,
				A9F2B20419ADC1E90067B6A4 /* Sources */,
				A9F2B20519ADC1E90067B6A4 /* Frameworks */,
				A9F2B20619ADC1E90067B6A4 /* Resources */,
				B8C3A988349C4115B250BE6D /* Copy Pods Resources */,
			);
			buildRules = (
			);
			dependencies = (
			);
			name = "精弘论坛";
			productName = "精弘论坛";
			productReference = A9F2B20819ADC1E90067B6A4 /* 精弘论坛.app */;
			productType = "com.apple.product-type.application";
		};
		A9F2B22819ADC1E90067B6A4 /* 精弘论坛Tests */ = {
			isa = PBXNativeTarget;
			buildConfigurationList = A9F2B23D19ADC1E90067B6A4 /* Build configuration list for PBXNativeTarget "精弘论坛Tests" */;
			buildPhases = (
				A9F2B22519ADC1E90067B6A4 /* Sources */,
				A9F2B22619ADC1E90067B6A4 /* Frameworks */,
				A9F2B22719ADC1E90067B6A4 /* Resources */,
			);
			buildRules = (
			);
			dependencies = (
				A9F2B22F19ADC1E90067B6A4 /* PBXTargetDependency */,
			);
			name = "精弘论坛Tests";
			productName = "精弘论坛Tests";
			productReference = A9F2B22919ADC1E90067B6A4 /* 精弘论坛Tests.xctest */;
			productType = "com.apple.product-type.bundle.unit-test";
		};
/* End PBXNativeTarget section */

/* Begin PBXProject section */
		A9F2B20019ADC1E90067B6A4 /* Project object */ = {
			isa = PBXProject;
			attributes = {
				CLASSPREFIX = JH;
				LastUpgradeCheck = 0510;
				ORGANIZATIONNAME = dikey;
				TargetAttributes = {
					A9F2B22819ADC1E90067B6A4 = {
						TestTargetID = A9F2B20719ADC1E90067B6A4;
					};
				};
			};
			buildConfigurationList = A9F2B20319ADC1E90067B6A4 /* Build configuration list for PBXProject "精弘论坛" */;
			compatibilityVersion = "Xcode 3.2";
			developmentRegion = English;
			hasScannedForEncodings = 0;
			knownRegions = (
				en,
				Base,
			);
			mainGroup = A9F2B1FF19ADC1E90067B6A4;
			productRefGroup = A9F2B20919ADC1E90067B6A4 /* Products */;
			projectDirPath = "";
			projectRoot = "";
			targets = (
				A9F2B20719ADC1E90067B6A4 /* 精弘论坛 */,
				A9F2B22819ADC1E90067B6A4 /* 精弘论坛Tests */,
			);
		};
/* End PBXProject section */

/* Begin PBXResourcesBuildPhase section */
		A9F2B20619ADC1E90067B6A4 /* Resources */ = {
			isa = PBXResourcesBuildPhase;
			buildActionMask = 2147483647;
			files = (
				A9F2B22419ADC1E90067B6A4 /* Images.xcassets in Resources */,
				A9F2B21619ADC1E90067B6A4 /* InfoPlist.strings in Resources */,
				A9F2B21F19ADC1E90067B6A4 /* Main.storyboard in Resources */,
				A9DA88CC19C9BAF800FEB6B2 /* SVProgressHUD.bundle in Resources */,
			);
			runOnlyForDeploymentPostprocessing = 0;
		};
		A9F2B22719ADC1E90067B6A4 /* Resources */ = {
			isa = PBXResourcesBuildPhase;
			buildActionMask = 2147483647;
			files = (
				A9F2B23519ADC1E90067B6A4 /* InfoPlist.strings in Resources */,
			);
			runOnlyForDeploymentPostprocessing = 0;
		};
/* End PBXResourcesBuildPhase section */

/* Begin PBXShellScriptBuildPhase section */
		8804F2AF058E4E74B313CCB7 /* Check Pods Manifest.lock */ = {
			isa = PBXShellScriptBuildPhase;
			buildActionMask = 2147483647;
			files = (
			);
			inputPaths = (
			);
			name = "Check Pods Manifest.lock";
			outputPaths = (
			);
			runOnlyForDeploymentPostprocessing = 0;
			shellPath = /bin/sh;
			shellScript = "diff \"${PODS_ROOT}/../Podfile.lock\" \"${PODS_ROOT}/Manifest.lock\" > /dev/null\nif [[ $? != 0 ]] ; then\n    cat << EOM\nerror: The sandbox is not in sync with the Podfile.lock. Run 'pod install' or update your CocoaPods installation.\nEOM\n    exit 1\nfi\n";
			showEnvVarsInLog = 0;
		};
		B8C3A988349C4115B250BE6D /* Copy Pods Resources */ = {
			isa = PBXShellScriptBuildPhase;
			buildActionMask = 2147483647;
			files = (
			);
			inputPaths = (
			);
			name = "Copy Pods Resources";
			outputPaths = (
			);
			runOnlyForDeploymentPostprocessing = 0;
			shellPath = /bin/sh;
			shellScript = "\"${SRCROOT}/Pods/Pods-resources.sh\"\n";
			showEnvVarsInLog = 0;
		};
/* End PBXShellScriptBuildPhase section */

/* Begin PBXSourcesBuildPhase section */
		A9F2B20419ADC1E90067B6A4 /* Sources */ = {
			isa = PBXSourcesBuildPhase;
			buildActionMask = 2147483647;
			files = (
				A9DA88C519C99F8C00FEB6B2 /* JHUserDefaults.m in Sources */,
				A9BCA1FD19CC16230025EA2D /* JHBoardItem.m in Sources */,
				A9F2B24419ADC2300067B6A4 /* JHLoginViewController.m in Sources */,
				A9BCA20419CC26210025EA2D /* JHTopicsCell.m in Sources */,
				A9CE8ADF19C5244D00B3117A /* JHRightViewController.m in Sources */,
				A9482A8619CBCF7500453DD5 /* JHForumListCell.m in Sources */,
				A9DA88CD19C9BAF800FEB6B2 /* SVProgressHUD.m in Sources */,
				A9BCA20819CC2ADB0025EA2D /* DataModel.m in Sources */,
				A9F2B21C19ADC1E90067B6A4 /* JHAppDelegate.m in Sources */,
				A948296319C816DF00C51243 /* JHHTMLParse.m in Sources */,
				A9BCA20119CC25FF0025EA2D /* JHTopicsViewController.m in Sources */,
				A912A63E19C97AF400F8F471 /* JHUser.m in Sources */,
				A9F2B21819ADC1E90067B6A4 /* main.m in Sources */,
				A9CE8AD319C5176B00B3117A /* JHRegisterViewController.m in Sources */,
				A912A63B19C9772D00F8F471 /* JHForumAPI.m in Sources */,
				A9CE8AE319C524ED00B3117A /* JHCenterViewController.m in Sources */,
				A9CE8AD719C5211600B3117A /* JHMasterViewController.m in Sources */,
				A948296619C81A8C00C51243 /* JHNewPosts.m in Sources */,
				A9CE8ADC19C5243900B3117A /* JHLeftViewController.m in Sources */,
			);
			runOnlyForDeploymentPostprocessing = 0;
		};
		A9F2B22519ADC1E90067B6A4 /* Sources */ = {
			isa = PBXSourcesBuildPhase;
			buildActionMask = 2147483647;
			files = (
				A9F2B23719ADC1E90067B6A4 /* ____Tests.m in Sources */,
			);
			runOnlyForDeploymentPostprocessing = 0;
		};
/* End PBXSourcesBuildPhase section */

/* Begin PBXTargetDependency section */
		A9F2B22F19ADC1E90067B6A4 /* PBXTargetDependency */ = {
			isa = PBXTargetDependency;
			target = A9F2B20719ADC1E90067B6A4 /* 精弘论坛 */;
			targetProxy = A9F2B22E19ADC1E90067B6A4 /* PBXContainerItemProxy */;
		};
/* End PBXTargetDependency section */

/* Begin PBXVariantGroup section */
		A9F2B21419ADC1E90067B6A4 /* InfoPlist.strings */ = {
			isa = PBXVariantGroup;
			children = (
				A9F2B21519ADC1E90067B6A4 /* en */,
			);
			name = InfoPlist.strings;
			sourceTree = "<group>";
		};
		A9F2B21D19ADC1E90067B6A4 /* Main.storyboard */ = {
			isa = PBXVariantGroup;
			children = (
				A9F2B21E19ADC1E90067B6A4 /* Base */,
			);
			name = Main.storyboard;
			sourceTree = "<group>";
		};
		A9F2B23319ADC1E90067B6A4 /* InfoPlist.strings */ = {
			isa = PBXVariantGroup;
			children = (
				A9F2B23419ADC1E90067B6A4 /* en */,
			);
			name = InfoPlist.strings;
			sourceTree = "<group>";
		};
/* End PBXVariantGroup section */

/* Begin XCBuildConfiguration section */
		A9F2B23819ADC1E90067B6A4 /* Debug */ = {
			isa = XCBuildConfiguration;
			buildSettings = {
				ALWAYS_SEARCH_USER_PATHS = NO;
				CLANG_CXX_LANGUAGE_STANDARD = "gnu++0x";
				CLANG_CXX_LIBRARY = "libc++";
				CLANG_ENABLE_MODULES = YES;
				CLANG_ENABLE_OBJC_ARC = YES;
				CLANG_WARN_BOOL_CONVERSION = YES;
				CLANG_WARN_CONSTANT_CONVERSION = YES;
				CLANG_WARN_DIRECT_OBJC_ISA_USAGE = YES_ERROR;
				CLANG_WARN_EMPTY_BODY = YES;
				CLANG_WARN_ENUM_CONVERSION = YES;
				CLANG_WARN_INT_CONVERSION = YES;
				CLANG_WARN_OBJC_ROOT_CLASS = YES_ERROR;
				CLANG_WARN__DUPLICATE_METHOD_MATCH = YES;
				"CODE_SIGN_IDENTITY[sdk=iphoneos*]" = "iPhone Developer";
				COPY_PHASE_STRIP = NO;
				GCC_C_LANGUAGE_STANDARD = gnu99;
				GCC_DYNAMIC_NO_PIC = NO;
				GCC_OPTIMIZATION_LEVEL = 0;
				GCC_PREPROCESSOR_DEFINITIONS = (
					"DEBUG=1",
					"$(inherited)",
				);
				GCC_SYMBOLS_PRIVATE_EXTERN = NO;
				GCC_WARN_64_TO_32_BIT_CONVERSION = YES;
				GCC_WARN_ABOUT_RETURN_TYPE = YES_ERROR;
				GCC_WARN_UNDECLARED_SELECTOR = YES;
				GCC_WARN_UNINITIALIZED_AUTOS = YES_AGGRESSIVE;
				GCC_WARN_UNUSED_FUNCTION = YES;
				GCC_WARN_UNUSED_VARIABLE = YES;
				IPHONEOS_DEPLOYMENT_TARGET = 7.0;
				ONLY_ACTIVE_ARCH = YES;
				SDKROOT = iphoneos;
			};
			name = Debug;
		};
		A9F2B23919ADC1E90067B6A4 /* Release */ = {
			isa = XCBuildConfiguration;
			buildSettings = {
				ALWAYS_SEARCH_USER_PATHS = NO;
				CLANG_CXX_LANGUAGE_STANDARD = "gnu++0x";
				CLANG_CXX_LIBRARY = "libc++";
				CLANG_ENABLE_MODULES = YES;
				CLANG_ENABLE_OBJC_ARC = YES;
				CLANG_WARN_BOOL_CONVERSION = YES;
				CLANG_WARN_CONSTANT_CONVERSION = YES;
				CLANG_WARN_DIRECT_OBJC_ISA_USAGE = YES_ERROR;
				CLANG_WARN_EMPTY_BODY = YES;
				CLANG_WARN_ENUM_CONVERSION = YES;
				CLANG_WARN_INT_CONVERSION = YES;
				CLANG_WARN_OBJC_ROOT_CLASS = YES_ERROR;
				CLANG_WARN__DUPLICATE_METHOD_MATCH = YES;
				"CODE_SIGN_IDENTITY[sdk=iphoneos*]" = "iPhone Developer";
				COPY_PHASE_STRIP = YES;
				ENABLE_NS_ASSERTIONS = NO;
				GCC_C_LANGUAGE_STANDARD = gnu99;
				GCC_WARN_64_TO_32_BIT_CONVERSION = YES;
				GCC_WARN_ABOUT_RETURN_TYPE = YES_ERROR;
				GCC_WARN_UNDECLARED_SELECTOR = YES;
				GCC_WARN_UNINITIALIZED_AUTOS = YES_AGGRESSIVE;
				GCC_WARN_UNUSED_FUNCTION = YES;
				GCC_WARN_UNUSED_VARIABLE = YES;
				IPHONEOS_DEPLOYMENT_TARGET = 7.0;
				SDKROOT = iphoneos;
				VALIDATE_PRODUCT = YES;
			};
			name = Release;
		};
		A9F2B23B19ADC1E90067B6A4 /* Debug */ = {
			isa = XCBuildConfiguration;
			baseConfigurationReference = 8B9DE607510E42E5B41B6DF1 /* Pods.xcconfig */;
			buildSettings = {
				ASSETCATALOG_COMPILER_APPICON_NAME = AppIcon;
				ASSETCATALOG_COMPILER_LAUNCHIMAGE_NAME = LaunchImage;
				CODE_SIGN_IDENTITY = "iPhone Developer: guodong wang (NG47A28ZQB)";
				GCC_PRECOMPILE_PREFIX_HEADER = YES;
				GCC_PREFIX_HEADER = "精弘论坛/精弘论坛-Prefix.pch";
				INFOPLIST_FILE = "精弘论坛/精弘论坛-Info.plist";
				PRODUCT_NAME = "$(TARGET_NAME)";
				PROVISIONING_PROFILE = "6DF31DD8-77A6-403B-9770-6B7E1E7036AD";
				SDKROOT = iphoneos;
				WRAPPER_EXTENSION = app;
			};
			name = Debug;
		};
		A9F2B23C19ADC1E90067B6A4 /* Release */ = {
			isa = XCBuildConfiguration;
			baseConfigurationReference = 8B9DE607510E42E5B41B6DF1 /* Pods.xcconfig */;
			buildSettings = {
				ASSETCATALOG_COMPILER_APPICON_NAME = AppIcon;
				ASSETCATALOG_COMPILER_LAUNCHIMAGE_NAME = LaunchImage;
				CODE_SIGN_IDENTITY = "iPhone Developer: guodong wang (NG47A28ZQB)";
				GCC_PRECOMPILE_PREFIX_HEADER = YES;
				GCC_PREFIX_HEADER = "精弘论坛/精弘论坛-Prefix.pch";
				INFOPLIST_FILE = "精弘论坛/精弘论坛-Info.plist";
				PRODUCT_NAME = "$(TARGET_NAME)";
				PROVISIONING_PROFILE = "6DF31DD8-77A6-403B-9770-6B7E1E7036AD";
				SDKROOT = iphoneos;
				WRAPPER_EXTENSION = app;
			};
			name = Release;
		};
		A9F2B23E19ADC1E90067B6A4 /* Debug */ = {
			isa = XCBuildConfiguration;
			buildSettings = {
				BUNDLE_LOADER = "$(BUILT_PRODUCTS_DIR)/精弘论坛.app/精弘论坛";
				FRAMEWORK_SEARCH_PATHS = (
					"$(SDKROOT)/Developer/Library/Frameworks",
					"$(inherited)",
					"$(DEVELOPER_FRAMEWORKS_DIR)",
				);
				GCC_PRECOMPILE_PREFIX_HEADER = YES;
				GCC_PREFIX_HEADER = "精弘论坛/精弘论坛-Prefix.pch";
				GCC_PREPROCESSOR_DEFINITIONS = (
					"DEBUG=1",
					"$(inherited)",
				);
				INFOPLIST_FILE = "精弘论坛Tests/精弘论坛Tests-Info.plist";
				PRODUCT_NAME = "$(TARGET_NAME)";
				TEST_HOST = "$(BUNDLE_LOADER)";
				WRAPPER_EXTENSION = xctest;
			};
			name = Debug;
		};
		A9F2B23F19ADC1E90067B6A4 /* Release */ = {
			isa = XCBuildConfiguration;
			buildSettings = {
				BUNDLE_LOADER = "$(BUILT_PRODUCTS_DIR)/精弘论坛.app/精弘论坛";
				FRAMEWORK_SEARCH_PATHS = (
					"$(SDKROOT)/Developer/Library/Frameworks",
					"$(inherited)",
					"$(DEVELOPER_FRAMEWORKS_DIR)",
				);
				GCC_PRECOMPILE_PREFIX_HEADER = YES;
				GCC_PREFIX_HEADER = "精弘论坛/精弘论坛-Prefix.pch";
				INFOPLIST_FILE = "精弘论坛Tests/精弘论坛Tests-Info.plist";
				PRODUCT_NAME = "$(TARGET_NAME)";
				TEST_HOST = "$(BUNDLE_LOADER)";
				WRAPPER_EXTENSION = xctest;
			};
			name = Release;
		};
/* End XCBuildConfiguration section */

/* Begin XCConfigurationList section */
		A9F2B20319ADC1E90067B6A4 /* Build configuration list for PBXProject "精弘论坛" */ = {
			isa = XCConfigurationList;
			buildConfigurations = (
				A9F2B23819ADC1E90067B6A4 /* Debug */,
				A9F2B23919ADC1E90067B6A4 /* Release */,
			);
			defaultConfigurationIsVisible = 0;
			defaultConfigurationName = Release;
		};
		A9F2B23A19ADC1E90067B6A4 /* Build configuration list for PBXNativeTarget "精弘论坛" */ = {
			isa = XCConfigurationList;
			buildConfigurations = (
				A9F2B23B19ADC1E90067B6A4 /* Debug */,
				A9F2B23C19ADC1E90067B6A4 /* Release */,
			);
			defaultConfigurationIsVisible = 0;
			defaultConfigurationName = Release;
		};
		A9F2B23D19ADC1E90067B6A4 /* Build configuration list for PBXNativeTarget "精弘论坛Tests" */ = {
			isa = XCConfigurationList;
			buildConfigurations = (
				A9F2B23E19ADC1E90067B6A4 /* Debug */,
				A9F2B23F19ADC1E90067B6A4 /* Release */,
			);
			defaultConfigurationIsVisible = 0;
			defaultConfigurationName = Release;
		};
/* End XCConfigurationList section */
	};
	rootObject = A9F2B20019ADC1E90067B6A4 /* Project object */;
}
